
Microsoft Visual Studio Solution File, Format Version 12.00
# Visual Studio Version 16
VisualStudioVersion = 16.0.34031.81
MinimumVisualStudioVersion = 10.0.40219.1
Project("{8BC9CEB8-8B4A-11D0-8D11-00A0C91BC942}") = "TPRVLab2Task1", "TPRVLab2Task1\TPRVLab2Task1.vcxproj", "{366EEC7B-F7DF-4FA7-9E5B-32F41567D56B}"
EndProject
Project("{8BC9CEB8-8B4A-11D0-8D11-00A0C91BC942}") = "TPRVLab2Task2", "TPRVLab2Task2\TPRVLab2Task2.vcxproj", "{F04DB23B-DE39-478B-B09D-8482B63A083F}"
EndProject
Global
	GlobalSection(SolutionConfigurationPlatforms) = preSolution
		Debug|x64 = Debug|x64
		Debug|x86 = Debug|x86
		Release|x64 = Release|x64
		Release|x86 = Release|x86
	EndGlobalSection
	GlobalSection(ProjectConfigurationPlatforms) = postSolution
		{366EEC7B-F7DF-4FA7-9E5B-32F41567D56B}.Debug|x64.ActiveCfg = Debug|x64
		{366EEC7B-F7DF-4FA7-9E5B-32F41567D56B}.Debug|x64.Build.0 = Debug|x64
		{366EEC7B-F7DF-4FA7-9E5B-32F41567D56B}.Debug|x86.ActiveCfg = Debug|Win32
		{366EEC7B-F7DF-4FA7-9E5B-32F41567D56B}.Debug|x86.Build.0 = Debug|Win32
		{366EEC7B-F7DF-4FA7-9E5B-32F41567D56B}.Release|x64.ActiveCfg = Release|x64
		{366EEC7B-F7DF-4FA7-9E5B-32F41567D56B}.Release|x64.Build.0 = Release|x64
		{366EEC7B-F7DF-4FA7-9E5B-32F41567D56B}.Release|x86.ActiveCfg = Release|Win32
		{366EEC7B-F7DF-4FA7-9E5B-32F41567D56B}.Release|x86.Build.0 = Release|Win32
		{F04DB23B-DE39-478B-B09D-8482B63A083F}.Debug|x64.ActiveCfg = Debug|x64
		{F04DB23B-DE39-478B-B09D-8482B63A083F}.Debug|x64.Build.0 = Debug|x64
		{F04DB23B-DE39-478B-B09D-8482B63A083F}.Debug|x86.ActiveCfg = Debug|Win32
		{F04DB23B-DE39-478B-B09D-8482B63A083F}.Debug|x86.Build.0 = Debug|Win32
		{F04DB23B-DE39-478B-B09D-8482B63A083F}.Release|x64.ActiveCfg = Release|x64
		{F04DB23B-DE39-478B-B09D-8482B63A083F}.Release|x64.Build.0 = Release|x64
		{F04DB23B-DE39-478B-B09D-8482B63A083F}.Release|x86.ActiveCfg = Release|Win32
		{F04DB23B-DE39-478B-B09D-8482B63A083F}.Release|x86.Build.0 = Release|Win32
	EndGlobalSection
	GlobalSection(SolutionProperties) = preSolution
		HideSolutionNode = FALSE
	EndGlobalSection
	GlobalSection(ExtensibilityGlobals) = postSolution
		SolutionGuid = {40C5D027-27E7-4271-ABA1-52F6C6DEFEB4}
	EndGlobalSection
EndGlobal
